
Microsoft Visual Studio Solution File, Format Version 12.00
# Visual Studio 15
VisualStudioVersion = 15.0.28307.1259
MinimumVisualStudioVersion = 10.0.40219.1
Project("{FAE04EC0-301F-11D3-BF4B-00C04F79EFBC}") = "fanucRobotInterface", "fanucRobotInterface\fanucRobotInterface.csproj", "{EE9346AE-10D9-448C-B633-36AE9DE2B1EC}"
EndProject
Global
	GlobalSection(SolutionConfigurationPlatforms) = preSolution
		Debug|Any CPU = Debug|Any CPU
		Release|Any CPU = Release|Any CPU
	EndGlobalSection
	GlobalSection(ProjectConfigurationPlatforms) = postSolution
		{EE9346AE-10D9-448C-B633-36AE9DE2B1EC}.Debug|Any CPU.ActiveCfg = Debug|Any CPU
		{EE9346AE-10D9-448C-B633-36AE9DE2B1EC}.Debug|Any CPU.Build.0 = Debug|Any CPU
		{EE9346AE-10D9-448C-B633-36AE9DE2B1EC}.Release|Any CPU.ActiveCfg = Release|Any CPU
		{EE9346AE-10D9-448C-B633-36AE9DE2B1EC}.Release|Any CPU.Build.0 = Release|Any CPU
	EndGlobalSection
	GlobalSection(SolutionProperties) = preSolution
		HideSolutionNode = FALSE
	EndGlobalSection
	GlobalSection(ExtensibilityGlobals) = postSolution
		SolutionGuid = {6B51818F-6AA1-416F-ABCD-69EF90CBEDA5}
	EndGlobalSection
EndGlobal
